
Microsoft Visual Studio Solution File, Format Version 12.00
# Visual Studio Version 16
VisualStudioVersion = 16.0.32002.261
MinimumVisualStudioVersion = 10.0.40219.1
Project("{FAE04EC0-301F-11D3-BF4B-00C04F79EFBC}") = "PassPassAPI", "PassPassAPI.csproj", "{F681A517-8685-469E-8C50-143A1C80D6D4}"
EndProject
Global
	GlobalSection(SolutionConfigurationPlatforms) = preSolution
		Debug|Any CPU = Debug|Any CPU
		Release|Any CPU = Release|Any CPU
	EndGlobalSection
	GlobalSection(ProjectConfigurationPlatforms) = postSolution
		{F681A517-8685-469E-8C50-143A1C80D6D4}.Debug|Any CPU.ActiveCfg = Debug|Any CPU
		{F681A517-8685-469E-8C50-143A1C80D6D4}.Debug|Any CPU.Build.0 = Debug|Any CPU
		{F681A517-8685-469E-8C50-143A1C80D6D4}.Release|Any CPU.ActiveCfg = Release|Any CPU
		{F681A517-8685-469E-8C50-143A1C80D6D4}.Release|Any CPU.Build.0 = Release|Any CPU
	EndGlobalSection
	GlobalSection(SolutionProperties) = preSolution
		HideSolutionNode = FALSE
	EndGlobalSection
	GlobalSection(ExtensibilityGlobals) = postSolution
		SolutionGuid = {4E76176B-02D5-43AF-8633-A81484A5CBE0}
	EndGlobalSection
EndGlobal
